
Microsoft Visual Studio Solution File, Format Version 12.00
Project("{FAE04EC0-301F-11D3-BF4B-00C04F79EFBC}") = "Day3", "Day3\Day3.csproj", "{96B308E2-7724-4030-B6D7-5F1932B2414D}"
EndProject
Global
	GlobalSection(SolutionConfigurationPlatforms) = preSolution
		Debug|Any CPU = Debug|Any CPU
		Release|Any CPU = Release|Any CPU
	EndGlobalSection
	GlobalSection(ProjectConfigurationPlatforms) = postSolution
		{96B308E2-7724-4030-B6D7-5F1932B2414D}.Debug|Any CPU.ActiveCfg = Debug|Any CPU
		{96B308E2-7724-4030-B6D7-5F1932B2414D}.Debug|Any CPU.Build.0 = Debug|Any CPU
		{96B308E2-7724-4030-B6D7-5F1932B2414D}.Release|Any CPU.ActiveCfg = Release|Any CPU
		{96B308E2-7724-4030-B6D7-5F1932B2414D}.Release|Any CPU.Build.0 = Release|Any CPU
	EndGlobalSection
EndGlobal
